// !$*UTF8*$!
{
	archiveVersion = 1;
	classes = {
	};
	objectVersion = 46;
	objects = {

/* Begin PBXBuildFile section */
		DE9EB9081E00299900033202 /* AppDelegate.swift in Sources */ = {isa = PBXBuildFile; fileRef = DE9EB9071E00299900033202 /* AppDelegate.swift */; };
		DE9EB90A1E00299900033202 /* ViewController.swift in Sources */ = {isa = PBXBuildFile; fileRef = DE9EB9091E00299900033202 /* ViewController.swift */; };
		DE9EB90D1E00299900033202 /* Main.storyboard in Resources */ = {isa = PBXBuildFile; fileRef = DE9EB90B1E00299900033202 /* Main.storyboard */; };
		DE9EB90F1E00299900033202 /* Assets.xcassets in Resources */ = {isa = PBXBuildFile; fileRef = DE9EB90E1E00299900033202 /* Assets.xcassets */; };
		DE9EB9121E00299900033202 /* LaunchScreen.storyboard in Resources */ = {isa = PBXBuildFile; fileRef = DE9EB9101E00299900033202 /* LaunchScreen.storyboard */; };
/* End PBXBuildFile section */

/* Begin PBXFileReference section */
		DE9EB9041E00299900033202 /* Swift中的错误处理知识点.app */ = {isa = PBXFileReference; explicitFileType = wrapper.application; includeInIndex = 0; path = "Swift中的错误处理知识点.app"; sourceTree = BUILT_PRODUCTS_DIR; };
		DE9EB9071E00299900033202 /* AppDelegate.swift */ = {isa = PBXFileReference; lastKnownFileType = sourcecode.swift; path = AppDelegate.swift; sourceTree = "<group>"; };
		DE9EB9091E00299900033202 /* ViewController.swift */ = {isa = PBXFileReference; lastKnownFileType = sourcecode.swift; path = ViewController.swift; sourceTree = "<group>"; };
		DE9EB90C1E00299900033202 /* Base */ = {isa = PBXFileReference; lastKnownFileType = file.storyboard; name = Base; path = Base.lproj/Main.storyboard; sourceTree = "<group>"; };
		DE9EB90E1E00299900033202 /* Assets.xcassets */ = {isa = PBXFileReference; lastKnownFileType = folder.assetcatalog; path = Assets.xcassets; sourceTree = "<group>"; };
		DE9EB9111E00299900033202 /* Base */ = {isa = PBXFileReference; lastKnownFileType = file.storyboard; name = Base; path = Base.lproj/LaunchScreen.storyboard; sourceTree = "<group>"; };
		DE9EB9131E00299900033202 /* Info.plist */ = {isa = PBXFileReference; lastKnownFileType = text.plist.xml; path = Info.plist; sourceTree = "<group>"; };
/* End PBXFileReference section */

/* Begin PBXFrameworksBuildPhase section */
		DE9EB9011E00299900033202 /* Frameworks */ = {
			isa = PBXFrameworksBuildPhase;
			buildActionMask = 2147483647;
			files = (
			);
			runOnlyForDeploymentPostprocessing = 0;
		};
/* End PBXFrameworksBuildPhase section */

/* Begin PBXGroup section */
		DE9EB8FB1E00299900033202 = {
			isa = PBXGroup;
			children = (
				DE9EB9061E00299900033202 /* Swift中的错误处理知识点 */,
				DE9EB9051E00299900033202 /* Products */,
			);
			sourceTree = "<group>";
		};
		DE9EB9051E00299900033202 /* Products */ = {
			isa = PBXGroup;
			children = (
				DE9EB9041E00299900033202 /* Swift中的错误处理知识点.app */,
			);
			name = Products;
			sourceTree = "<group>";
		};
		DE9EB9061E00299900033202 /* Swift中的错误处理知识点 */ = {
			isa = PBXGroup;
			children = (
				DE9EB9071E00299900033202 /* AppDelegate.swift */,
				DE9EB9091E00299900033202 /* ViewController.swift */,
				DE9EB90B1E00299900033202 /* Main.storyboard */,
				DE9EB90E1E00299900033202 /* Assets.xcassets */,
				DE9EB9101E00299900033202 /* LaunchScreen.storyboard */,
				DE9EB9131E00299900033202 /* Info.plist */,
			);
			path = "Swift中的错误处理知识点";
			sourceTree = "<group>";
		};
/* End PBXGroup section */

/* Begin PBXNativeTarget section */
		DE9EB9031E00299900033202 /* Swift中的错误处理知识点 */ = {
			isa = PBXNativeTarget;
			buildConfigurationList = DE9EB9161E00299900033202 /* Build configuration list for PBXNativeTarget "Swift中的错误处理知识点" */;
			buildPhases = (
				DE9EB9001E00299900033202 /* Sources */,
				DE9EB9011E00299900033202 /* Frameworks */,
				DE9EB9021E00299900033202 /* Resources */,
			);
			buildRules = (
			);
			dependencies = (
			);
			name = "Swift中的错误处理知识点";
			productName = "Swift中的错误处理知识点";
			productReference = DE9EB9041E00299900033202 /* Swift中的错误处理知识点.app */;
			productType = "com.apple.product-type.application";
		};
/* End PBXNativeTarget section */

/* Begin PBXProject section */
		DE9EB8FC1E00299900033202 /* Project object */ = {
			isa = PBXProject;
			attributes = {
				LastSwiftUpdateCheck = 0810;
				LastUpgradeCheck = 0810;
				ORGANIZATIONNAME = terry;
				TargetAttributes = {
					DE9EB9031E00299900033202 = {
						CreatedOnToolsVersion = 8.1;
						DevelopmentTeam = 5MJG7PG96Q;
						ProvisioningStyle = Automatic;
					};
				};
			};
			buildConfigurationList = DE9EB8FF1E00299900033202 /* Build configuration list for PBXProject "Swift中的错误处理知识点" */;
			compatibilityVersion = "Xcode 3.2";
			developmentRegion = English;
			hasScannedForEncodings = 0;
			knownRegions = (
				en,
				Base,
			);
			mainGroup = DE9EB8FB1E00299900033202;
			productRefGroup = DE9EB9051E00299900033202 /* Products */;
			projectDirPath = "";
			projectRoot = "";
			targets = (
				DE9EB9031E00299900033202 /* Swift中的错误处理知识点 */,
			);
		};
/* End PBXProject section */

/* Begin PBXResourcesBuildPhase section */
		DE9EB9021E00299900033202 /* Resources */ = {
			isa = PBXResourcesBuildPhase;
			buildActionMask = 2147483647;
			files = (
				DE9EB9121E00299900033202 /* LaunchScreen.storyboard in Resources */,
				DE9EB90F1E00299900033202 /* Assets.xcassets in Resources */,
				DE9EB90D1E00299900033202 /* Main.storyboard in Resources */,
			);
			runOnlyForDeploymentPostprocessing = 0;
		};
/* End PBXResourcesBuildPhase section */

/* Begin PBXSourcesBuildPhase section */
		DE9EB9001E00299900033202 /* Sources */ = {
			isa = PBXSourcesBuildPhase;
			buildActionMask = 2147483647;
			files = (
				DE9EB90A1E00299900033202 /* ViewController.swift in Sources */,
				DE9EB9081E00299900033202 /* AppDelegate.swift in Sources */,
			);
			runOnlyForDeploymentPostprocessing = 0;
		};
/* End PBXSourcesBuildPhase section */

/* Begin PBXVariantGroup section */
		DE9EB90B1E00299900033202 /* Main.storyboard */ = {
			isa = PBXVariantGroup;
			children = (
				DE9EB90C1E00299900033202 /* Base */,
			);
			name = Main.storyboard;
			sourceTree = "<group>";
		};
		DE9EB9101E00299900033202 /* LaunchScreen.storyboard */ = {
			isa = PBXVariantGroup;
			children = (
				DE9EB9111E00299900033202 /* Base */,
			);
			name = LaunchScreen.storyboard;
			sourceTree = "<group>";
		};
/* End PBXVariantGroup section */

/* Begin XCBuildConfiguration section */
		DE9EB9141E00299900033202 /* Debug */ = {
			isa = XCBuildConfiguration;
			buildSettings = {
				ALWAYS_SEARCH_USER_PATHS = NO;
				CLANG_ANALYZER_NONNULL = YES;
				CLANG_CXX_LANGUAGE_STANDARD = "gnu++0x";
				CLANG_CXX_LIBRARY = "libc++";
				CLANG_ENABLE_MODULES = YES;
				CLANG_ENABLE_OBJC_ARC = YES;
				CLANG_WARN_BOOL_CONVERSION = YES;
				CLANG_WARN_CONSTANT_CONVERSION = YES;
				CLANG_WARN_DIRECT_OBJC_ISA_USAGE = YES_ERROR;
				CLANG_WARN_DOCUMENTATION_COMMENTS = YES;
				CLANG_WARN_EMPTY_BODY = YES;
				CLANG_WARN_ENUM_CONVERSION = YES;
				CLANG_WARN_INFINITE_RECURSION = YES;
				CLANG_WARN_INT_CONVERSION = YES;
				CLANG_WARN_OBJC_ROOT_CLASS = YES_ERROR;
				CLANG_WARN_SUSPICIOUS_MOVES = YES;
				CLANG_WARN_UNREACHABLE_CODE = YES;
				CLANG_WARN__DUPLICATE_METHOD_MATCH = YES;
				"CODE_SIGN_IDENTITY[sdk=iphoneos*]" = "iPhone Developer";
				COPY_PHASE_STRIP = NO;
				DEBUG_INFORMATION_FORMAT = dwarf;
				ENABLE_STRICT_OBJC_MSGSEND = YES;
				ENABLE_TESTABILITY = YES;
				GCC_C_LANGUAGE_STANDARD = gnu99;
				GCC_DYNAMIC_NO_PIC = NO;
				GCC_NO_COMMON_BLOCKS = YES;
				GCC_OPTIMIZATION_LEVEL = 0;
				GCC_PREPROCESSOR_DEFINITIONS = (
					"DEBUG=1",
					"$(inherited)",
				);
				GCC_WARN_64_TO_32_BIT_CONVERSION = YES;
				GCC_WARN_ABOUT_RETURN_TYPE = YES_ERROR;
				GCC_WARN_UNDECLARED_SELECTOR = YES;
				GCC_WARN_UNINITIALIZED_AUTOS = YES_AGGRESSIVE;
				GCC_WARN_UNUSED_FUNCTION = YES;
				GCC_WARN_UNUSED_VARIABLE = YES;
				IPHONEOS_DEPLOYMENT_TARGET = 10.1;
				MTL_ENABLE_DEBUG_INFO = YES;
				ONLY_ACTIVE_ARCH = YES;
				SDKROOT = iphoneos;
				SWIFT_ACTIVE_COMPILATION_CONDITIONS = DEBUG;
				SWIFT_OPTIMIZATION_LEVEL = "-Onone";
			};
			name = Debug;
		};
		DE9EB9151E00299900033202 /* Release */ = {
			isa = XCBuildConfiguration;
			buildSettings = {
				ALWAYS_SEARCH_USER_PATHS = NO;
				CLANG_ANALYZER_NONNULL = YES;
				CLANG_CXX_LANGUAGE_STANDARD = "gnu++0x";
				CLANG_CXX_LIBRARY = "libc++";
				CLANG_ENABLE_MODULES = YES;
				CLANG_ENABLE_OBJC_ARC = YES;
				CLANG_WARN_BOOL_CONVERSION = YES;
				CLANG_WARN_CONSTANT_CONVERSION = YES;
				CLANG_WARN_DIRECT_OBJC_ISA_USAGE = YES_ERROR;
				CLANG_WARN_DOCUMENTATION_COMMENTS = YES;
				CLANG_WARN_EMPTY_BODY = YES;
				CLANG_WARN_ENUM_CONVERSION = YES;
				CLANG_WARN_INFINITE_RECURSION = YES;
				CLANG_WARN_INT_CONVERSION = YES;
				CLANG_WARN_OBJC_ROOT_CLASS = YES_ERROR;
				CLANG_WARN_SUSPICIOUS_MOVES = YES;
				CLANG_WARN_UNREACHABLE_CODE = YES;
				CLANG_WARN__DUPLICATE_METHOD_MATCH = YES;
				"CODE_SIGN_IDENTITY[sdk=iphoneos*]" = "iPhone Developer";
				COPY_PHASE_STRIP = NO;
				DEBUG_INFORMATION_FORMAT = "dwarf-with-dsym";
				ENABLE_NS_ASSERTIONS = NO;
				ENABLE_STRICT_OBJC_MSGSEND = YES;
				GCC_C_LANGUAGE_STANDARD = gnu99;
				GCC_NO_COMMON_BLOCKS = YES;
				GCC_WARN_64_TO_32_BIT_CONVERSION = YES;
				GCC_WARN_ABOUT_RETURN_TYPE = YES_ERROR;
				GCC_WARN_UNDECLARED_SELECTOR = YES;
				GCC_WARN_UNINITIALIZED_AUTOS = YES_AGGRESSIVE;
				GCC_WARN_UNUSED_FUNCTION = YES;
				GCC_WARN_UNUSED_VARIABLE = YES;
				IPHONEOS_DEPLOYMENT_TARGET = 10.1;
				MTL_ENABLE_DEBUG_INFO = NO;
				SDKROOT = iphoneos;
				SWIFT_OPTIMIZATION_LEVEL = "-Owholemodule";
				VALIDATE_PRODUCT = YES;
			};
			name = Release;
		};
		DE9EB9171E00299900033202 /* Debug */ = {
			isa = XCBuildConfiguration;
			buildSettings = {
				ASSETCATALOG_COMPILER_APPICON_NAME = AppIcon;
				DEVELOPMENT_TEAM = 5MJG7PG96Q;
				INFOPLIST_FILE = "Swift中的错误处理知识点/Info.plist";
				LD_RUNPATH_SEARCH_PATHS = "$(inherited) @executable_path/Frameworks";
				PRODUCT_BUNDLE_IDENTIFIER = "cn.hehe.Swift---------";
				PRODUCT_NAME = "$(TARGET_NAME)";
				SWIFT_VERSION = 3.0;
			};
			name = Debug;
		};
		DE9EB9181E00299900033202 /* Release */ = {
			isa = XCBuildConfiguration;
			buildSettings = {
				ASSETCATALOG_COMPILER_APPICON_NAME = AppIcon;
				DEVELOPMENT_TEAM = 5MJG7PG96Q;
				INFOPLIST_FILE = "Swift中的错误处理知识点/Info.plist";
				LD_RUNPATH_SEARCH_PATHS = "$(inherited) @executable_path/Frameworks";
				PRODUCT_BUNDLE_IDENTIFIER = "cn.hehe.Swift---------";
				PRODUCT_NAME = "$(TARGET_NAME)";
				SWIFT_VERSION = 3.0;
			};
			name = Release;
		};
/* End XCBuildConfiguration section */

/* Begin XCConfigurationList section */
		DE9EB8FF1E00299900033202 /* Build configuration list for PBXProject "Swift中的错误处理知识点" */ = {
			isa = XCConfigurationList;
			buildConfigurations = (
				DE9EB9141E00299900033202 /* Debug */,
				DE9EB9151E00299900033202 /* Release */,
			);
			defaultConfigurationIsVisible = 0;
			defaultConfigurationName = Release;
		};
		DE9EB9161E00299900033202 /* Build configuration list for PBXNativeTarget "Swift中的错误处理知识点" */ = {
			isa = XCConfigurationList;
			buildConfigurations = (
				DE9EB9171E00299900033202 /* Debug */,
				DE9EB9181E00299900033202 /* Release */,
			);
			defaultConfigurationIsVisible = 0;
		};
/* End XCConfigurationList section */
	};
	rootObject = DE9EB8FC1E00299900033202 /* Project object */;
}
